
Microsoft Visual Studio Solution File, Format Version 12.00
# Visual Studio Version 16
VisualStudioVersion = 16.0.30503.244
MinimumVisualStudioVersion = 10.0.40219.1
Project("{FAE04EC0-301F-11D3-BF4B-00C04F79EFBC}") = "SnapBilling", "SnapBillingPOC\SnapBilling.csproj", "{EA691616-0608-442E-AF81-7E5C7EAAABBE}"
EndProject
Project("{9A19103F-16F7-4668-BE54-9A1E7A4F7556}") = "SnapBilling.Module", "SnapBilling.Module\SnapBilling.Module.csproj", "{AA6E53CD-9AF5-415A-9601-094890FC5D0D}"
EndProject
Project("{FAE04EC0-301F-11D3-BF4B-00C04F79EFBC}") = "SnapBilling.Services.Implementation", "SnapBilling,Services.Implementation\SnapBilling.Services.Implementation.csproj", "{789D8A4A-5A70-4B7F-A6F7-A34D57B53996}"
EndProject
Project("{FAE04EC0-301F-11D3-BF4B-00C04F79EFBC}") = "SnapBilling.Customer", "Customer\SnapBilling.Customer.csproj", "{21C7FC3C-F3AE-4B4C-B180-311C0746C025}"
EndProject
Project("{9A19103F-16F7-4668-BE54-9A1E7A4F7556}") = "SnapBilling.Data", "SnapBilling.Models\SnapBilling.Data.csproj", "{122C667F-593D-476C-8189-E6E51CAE4697}"
EndProject
Project("{9A19103F-16F7-4668-BE54-9A1E7A4F7556}") = "SnapBilling.Services.AppServices", "SnapBilling.Services.Core\SnapBilling.Services.AppServices.csproj", "{57172455-598C-4331-BB4C-5321B510553E}"
EndProject
Project("{FAE04EC0-301F-11D3-BF4B-00C04F79EFBC}") = "SnapBilling.Bill", "SnapBilling.Bill\SnapBilling.Bill.csproj", "{8CDDFA12-DB5D-43D8-AACA-7E5F59980BFE}"
EndProject
Project("{FAE04EC0-301F-11D3-BF4B-00C04F79EFBC}") = "SnapBilling.LoginModule", "SnapBilling.LoginModule\SnapBilling.LoginModule.csproj", "{FCEA2546-C42B-4ECC-860F-703D94E95725}"
EndProject
Project("{FAE04EC0-301F-11D3-BF4B-00C04F79EFBC}") = "SnapBilling.Setting", "SnapBilling.Setting\SnapBilling.Setting.csproj", "{498FC812-5F93-478C-8C89-BE1FBFF266F7}"
EndProject
Project("{FAE04EC0-301F-11D3-BF4B-00C04F79EFBC}") = "SnapBilling.SyncModule", "SnapBilling.SyncModule\SnapBilling.SyncModule.csproj", "{DDD9A62C-3DDD-49D4-88F0-959FEAE7CF48}"
EndProject
Project("{FAE04EC0-301F-11D3-BF4B-00C04F79EFBC}") = "SnapBilling.EmailModule", "SnapBilling.EmailModule\SnapBilling.EmailModule.csproj", "{15708EEA-687B-436E-9073-486610EC7735}"
EndProject
Project("{FAE04EC0-301F-11D3-BF4B-00C04F79EFBC}") = "SnapBilling.CommunicationModule", "CommunicationModule\SnapBilling.CommunicationModule.csproj", "{496B2AA6-8348-4F2C-B3F7-79EF2DA9969C}"
EndProject
Project("{FAE04EC0-301F-11D3-BF4B-00C04F79EFBC}") = "SnapBilling.SmsModule", "SnapBilling.SmsModule\SnapBilling.SmsModule.csproj", "{4CBB7FD1-4A81-4CDD-A067-09550C0982EC}"
EndProject
Project("{9A19103F-16F7-4668-BE54-9A1E7A4F7556}") = "SnapBilling.Migrations", "SnapBilling.Migrations\SnapBilling.Migrations.csproj", "{9C63F0E5-ABE4-46FB-9415-02052318F53A}"
EndProject
Project("{FAE04EC0-301F-11D3-BF4B-00C04F79EFBC}") = "SnapBilling.MemoToInvoice", "SnapBilling.MemoToInvoice\SnapBilling.MemoToInvoice.csproj", "{DA874F41-DE3E-43A7-958E-5329279047D6}"
EndProject
Project("{FAE04EC0-301F-11D3-BF4B-00C04F79EFBC}") = "SnapBilling.Distributors", "SnapBilling.Distributors\SnapBilling.Distributors.csproj", "{674BC54C-B8F8-4D6B-9475-AA1801AD6511}"
EndProject
Project("{FAE04EC0-301F-11D3-BF4B-00C04F79EFBC}") = "SnapBilling.SearchModule", "SnapBilling.SearchModule\SnapBilling.SearchModule.csproj", "{F73DB26B-F0E2-43BF-ADA9-03189679BD98}"
EndProject
Project("{FAE04EC0-301F-11D3-BF4B-00C04F79EFBC}") = "SnapBilling.CartModule", "SnapBilling.CartModule\SnapBilling.CartModule.csproj", "{1DA7F3E5-21CF-40D9-8955-C345B71B154A}"
EndProject
Project("{FAE04EC0-301F-11D3-BF4B-00C04F79EFBC}") = "SnapBilling.Reports", "SnapBilling.Reports\SnapBilling.Reports.csproj", "{ECF31420-7365-4069-A456-1EB32A4F77FA}"
EndProject
Project("{FAE04EC0-301F-11D3-BF4B-00C04F79EFBC}") = "SnapBilling.Inventory", "SnapBilling.Inventory\SnapBilling.Inventory.csproj", "{5B0CB069-006D-4E68-8FD1-FB010E94C339}"
EndProject
Project("{FAE04EC0-301F-11D3-BF4B-00C04F79EFBC}") = "SnapBilling.Core.UI", "SnapBilling.Core.UI\SnapBilling.Core.UI.csproj", "{7548F785-FF54-424F-A605-40865B251EB4}"
EndProject
Project("{FAE04EC0-301F-11D3-BF4B-00C04F79EFBC}") = "SnapBilling.FlashReport", "SnapBilling.TestFlashReport\SnapBilling.FlashReport.csproj", "{A7733DC9-F410-4B07-887E-54DD4C7E7A59}"
EndProject
Project("{FAE04EC0-301F-11D3-BF4B-00C04F79EFBC}") = "SnapBilling.PushOffers", "SnapBilling.PushOffers\SnapBilling.PushOffers.csproj", "{F9DD7454-F4AE-45CC-ACC8-C62680910808}"
EndProject
Project("{FAE04EC0-301F-11D3-BF4B-00C04F79EFBC}") = "SnapBilling.PrintersService", "SnapBilling.PrintersService\SnapBilling.PrintersService.csproj", "{7D32002D-4FCE-489A-BFE2-E0F2F6574C07}"
EndProject
Global
	GlobalSection(SolutionConfigurationPlatforms) = preSolution
		Debug|Any CPU = Debug|Any CPU
		Debug|ARM = Debug|ARM
		Debug|ARM64 = Debug|ARM64
		Debug|x64 = Debug|x64
		Debug|x86 = Debug|x86
		Release|Any CPU = Release|Any CPU
		Release|ARM = Release|ARM
		Release|ARM64 = Release|ARM64
		Release|x64 = Release|x64
		Release|x86 = Release|x86
	EndGlobalSection
	GlobalSection(ProjectConfigurationPlatforms) = postSolution
		{EA691616-0608-442E-AF81-7E5C7EAAABBE}.Debug|Any CPU.ActiveCfg = Debug|x64
		{EA691616-0608-442E-AF81-7E5C7EAAABBE}.Debug|Any CPU.Build.0 = Debug|x64
		{EA691616-0608-442E-AF81-7E5C7EAAABBE}.Debug|Any CPU.Deploy.0 = Debug|x64
		{EA691616-0608-442E-AF81-7E5C7EAAABBE}.Debug|ARM.ActiveCfg = Debug|ARM
		{EA691616-0608-442E-AF81-7E5C7EAAABBE}.Debug|ARM.Build.0 = Debug|ARM
		{EA691616-0608-442E-AF81-7E5C7EAAABBE}.Debug|ARM.Deploy.0 = Debug|ARM
		{EA691616-0608-442E-AF81-7E5C7EAAABBE}.Debug|ARM64.ActiveCfg = Debug|ARM64
		{EA691616-0608-442E-AF81-7E5C7EAAABBE}.Debug|ARM64.Build.0 = Debug|ARM64
		{EA691616-0608-442E-AF81-7E5C7EAAABBE}.Debug|ARM64.Deploy.0 = Debug|ARM64
		{EA691616-0608-442E-AF81-7E5C7EAAABBE}.Debug|x64.ActiveCfg = Debug|x64
		{EA691616-0608-442E-AF81-7E5C7EAAABBE}.Debug|x64.Build.0 = Debug|x64
		{EA691616-0608-442E-AF81-7E5C7EAAABBE}.Debug|x64.Deploy.0 = Debug|x64
		{EA691616-0608-442E-AF81-7E5C7EAAABBE}.Debug|x86.ActiveCfg = Debug|x86
		{EA691616-0608-442E-AF81-7E5C7EAAABBE}.Debug|x86.Build.0 = Debug|x86
		{EA691616-0608-442E-AF81-7E5C7EAAABBE}.Debug|x86.Deploy.0 = Debug|x86
		{EA691616-0608-442E-AF81-7E5C7EAAABBE}.Release|Any CPU.ActiveCfg = Release|x86
		{EA691616-0608-442E-AF81-7E5C7EAAABBE}.Release|ARM.ActiveCfg = Release|ARM
		{EA691616-0608-442E-AF81-7E5C7EAAABBE}.Release|ARM.Build.0 = Release|ARM
		{EA691616-0608-442E-AF81-7E5C7EAAABBE}.Release|ARM.Deploy.0 = Release|ARM
		{EA691616-0608-442E-AF81-7E5C7EAAABBE}.Release|ARM64.ActiveCfg = Release|ARM64
		{EA691616-0608-442E-AF81-7E5C7EAAABBE}.Release|ARM64.Build.0 = Release|ARM64
		{EA691616-0608-442E-AF81-7E5C7EAAABBE}.Release|ARM64.Deploy.0 = Release|ARM64
		{EA691616-0608-442E-AF81-7E5C7EAAABBE}.Release|x64.ActiveCfg = Release|x64
		{EA691616-0608-442E-AF81-7E5C7EAAABBE}.Release|x64.Build.0 = Release|x64
		{EA691616-0608-442E-AF81-7E5C7EAAABBE}.Release|x64.Deploy.0 = Release|x64
		{EA691616-0608-442E-AF81-7E5C7EAAABBE}.Release|x86.ActiveCfg = Release|x86
		{EA691616-0608-442E-AF81-7E5C7EAAABBE}.Release|x86.Build.0 = Release|x86
		{EA691616-0608-442E-AF81-7E5C7EAAABBE}.Release|x86.Deploy.0 = Release|x86
		{AA6E53CD-9AF5-415A-9601-094890FC5D0D}.Debug|Any CPU.ActiveCfg = Debug|Any CPU
		{AA6E53CD-9AF5-415A-9601-094890FC5D0D}.Debug|Any CPU.Build.0 = Debug|Any CPU
		{AA6E53CD-9AF5-415A-9601-094890FC5D0D}.Debug|ARM.ActiveCfg = Debug|Any CPU
		{AA6E53CD-9AF5-415A-9601-094890FC5D0D}.Debug|ARM.Build.0 = Debug|Any CPU
		{AA6E53CD-9AF5-415A-9601-094890FC5D0D}.Debug|ARM64.ActiveCfg = Debug|Any CPU
		{AA6E53CD-9AF5-415A-9601-094890FC5D0D}.Debug|ARM64.Build.0 = Debug|Any CPU
		{AA6E53CD-9AF5-415A-9601-094890FC5D0D}.Debug|x64.ActiveCfg = Debug|Any CPU
		{AA6E53CD-9AF5-415A-9601-094890FC5D0D}.Debug|x64.Build.0 = Debug|Any CPU
		{AA6E53CD-9AF5-415A-9601-094890FC5D0D}.Debug|x86.ActiveCfg = Debug|Any CPU
		{AA6E53CD-9AF5-415A-9601-094890FC5D0D}.Debug|x86.Build.0 = Debug|Any CPU
		{AA6E53CD-9AF5-415A-9601-094890FC5D0D}.Release|Any CPU.ActiveCfg = Release|Any CPU
		{AA6E53CD-9AF5-415A-9601-094890FC5D0D}.Release|Any CPU.Build.0 = Release|Any CPU
		{AA6E53CD-9AF5-415A-9601-094890FC5D0D}.Release|ARM.ActiveCfg = Release|Any CPU
		{AA6E53CD-9AF5-415A-9601-094890FC5D0D}.Release|ARM.Build.0 = Release|Any CPU
		{AA6E53CD-9AF5-415A-9601-094890FC5D0D}.Release|ARM64.ActiveCfg = Release|Any CPU
		{AA6E53CD-9AF5-415A-9601-094890FC5D0D}.Release|ARM64.Build.0 = Release|Any CPU
		{AA6E53CD-9AF5-415A-9601-094890FC5D0D}.Release|x64.ActiveCfg = Release|Any CPU
		{AA6E53CD-9AF5-415A-9601-094890FC5D0D}.Release|x64.Build.0 = Release|Any CPU
		{AA6E53CD-9AF5-415A-9601-094890FC5D0D}.Release|x86.ActiveCfg = Release|Any CPU
		{AA6E53CD-9AF5-415A-9601-094890FC5D0D}.Release|x86.Build.0 = Release|Any CPU
		{789D8A4A-5A70-4B7F-A6F7-A34D57B53996}.Debug|Any CPU.ActiveCfg = Debug|x64
		{789D8A4A-5A70-4B7F-A6F7-A34D57B53996}.Debug|Any CPU.Build.0 = Debug|x64
		{789D8A4A-5A70-4B7F-A6F7-A34D57B53996}.Debug|ARM.ActiveCfg = Debug|ARM
		{789D8A4A-5A70-4B7F-A6F7-A34D57B53996}.Debug|ARM.Build.0 = Debug|ARM
		{789D8A4A-5A70-4B7F-A6F7-A34D57B53996}.Debug|ARM64.ActiveCfg = Debug|ARM64
		{789D8A4A-5A70-4B7F-A6F7-A34D57B53996}.Debug|ARM64.Build.0 = Debug|ARM64
		{789D8A4A-5A70-4B7F-A6F7-A34D57B53996}.Debug|x64.ActiveCfg = Debug|x64
		{789D8A4A-5A70-4B7F-A6F7-A34D57B53996}.Debug|x64.Build.0 = Debug|x64
		{789D8A4A-5A70-4B7F-A6F7-A34D57B53996}.Debug|x86.ActiveCfg = Debug|x86
		{789D8A4A-5A70-4B7F-A6F7-A34D57B53996}.Debug|x86.Build.0 = Debug|x86
		{789D8A4A-5A70-4B7F-A6F7-A34D57B53996}.Release|Any CPU.ActiveCfg = Release|Any CPU
		{789D8A4A-5A70-4B7F-A6F7-A34D57B53996}.Release|Any CPU.Build.0 = Release|Any CPU
		{789D8A4A-5A70-4B7F-A6F7-A34D57B53996}.Release|ARM.ActiveCfg = Release|ARM
		{789D8A4A-5A70-4B7F-A6F7-A34D57B53996}.Release|ARM.Build.0 = Release|ARM
		{789D8A4A-5A70-4B7F-A6F7-A34D57B53996}.Release|ARM64.ActiveCfg = Release|ARM64
		{789D8A4A-5A70-4B7F-A6F7-A34D57B53996}.Release|ARM64.Build.0 = Release|ARM64
		{789D8A4A-5A70-4B7F-A6F7-A34D57B53996}.Release|x64.ActiveCfg = Release|x64
		{789D8A4A-5A70-4B7F-A6F7-A34D57B53996}.Release|x64.Build.0 = Release|x64
		{789D8A4A-5A70-4B7F-A6F7-A34D57B53996}.Release|x86.ActiveCfg = Release|x86
		{789D8A4A-5A70-4B7F-A6F7-A34D57B53996}.Release|x86.Build.0 = Release|x86
		{21C7FC3C-F3AE-4B4C-B180-311C0746C025}.Debug|Any CPU.ActiveCfg = Debug|x64
		{21C7FC3C-F3AE-4B4C-B180-311C0746C025}.Debug|ARM.ActiveCfg = Debug|ARM
		{21C7FC3C-F3AE-4B4C-B180-311C0746C025}.Debug|ARM.Build.0 = Debug|ARM
		{21C7FC3C-F3AE-4B4C-B180-311C0746C025}.Debug|ARM64.ActiveCfg = Debug|ARM64
		{21C7FC3C-F3AE-4B4C-B180-311C0746C025}.Debug|ARM64.Build.0 = Debug|ARM64
		{21C7FC3C-F3AE-4B4C-B180-311C0746C025}.Debug|x64.ActiveCfg = Debug|x64
		{21C7FC3C-F3AE-4B4C-B180-311C0746C025}.Debug|x86.ActiveCfg = Debug|x86
		{21C7FC3C-F3AE-4B4C-B180-311C0746C025}.Debug|x86.Build.0 = Debug|x86
		{21C7FC3C-F3AE-4B4C-B180-311C0746C025}.Release|Any CPU.ActiveCfg = Release|Any CPU
		{21C7FC3C-F3AE-4B4C-B180-311C0746C025}.Release|Any CPU.Build.0 = Release|Any CPU
		{21C7FC3C-F3AE-4B4C-B180-311C0746C025}.Release|ARM.ActiveCfg = Release|ARM
		{21C7FC3C-F3AE-4B4C-B180-311C0746C025}.Release|ARM.Build.0 = Release|ARM
		{21C7FC3C-F3AE-4B4C-B180-311C0746C025}.Release|ARM64.ActiveCfg = Release|ARM64
		{21C7FC3C-F3AE-4B4C-B180-311C0746C025}.Release|ARM64.Build.0 = Release|ARM64
		{21C7FC3C-F3AE-4B4C-B180-311C0746C025}.Release|x64.ActiveCfg = Release|x64
		{21C7FC3C-F3AE-4B4C-B180-311C0746C025}.Release|x64.Build.0 = Release|x64
		{21C7FC3C-F3AE-4B4C-B180-311C0746C025}.Release|x86.ActiveCfg = Release|x86
		{21C7FC3C-F3AE-4B4C-B180-311C0746C025}.Release|x86.Build.0 = Release|x86
		{122C667F-593D-476C-8189-E6E51CAE4697}.Debug|Any CPU.ActiveCfg = Debug|Any CPU
		{122C667F-593D-476C-8189-E6E51CAE4697}.Debug|Any CPU.Build.0 = Debug|Any CPU
		{122C667F-593D-476C-8189-E6E51CAE4697}.Debug|ARM.ActiveCfg = Debug|Any CPU
		{122C667F-593D-476C-8189-E6E51CAE4697}.Debug|ARM.Build.0 = Debug|Any CPU
		{122C667F-593D-476C-8189-E6E51CAE4697}.Debug|ARM64.ActiveCfg = Debug|Any CPU
		{122C667F-593D-476C-8189-E6E51CAE4697}.Debug|ARM64.Build.0 = Debug|Any CPU
		{122C667F-593D-476C-8189-E6E51CAE4697}.Debug|x64.ActiveCfg = Debug|Any CPU
		{122C667F-593D-476C-8189-E6E51CAE4697}.Debug|x64.Build.0 = Debug|Any CPU
		{122C667F-593D-476C-8189-E6E51CAE4697}.Debug|x86.ActiveCfg = Debug|Any CPU
		{122C667F-593D-476C-8189-E6E51CAE4697}.Debug|x86.Build.0 = Debug|Any CPU
		{122C667F-593D-476C-8189-E6E51CAE4697}.Release|Any CPU.ActiveCfg = Release|Any CPU
		{122C667F-593D-476C-8189-E6E51CAE4697}.Release|Any CPU.Build.0 = Release|Any CPU
		{122C667F-593D-476C-8189-E6E51CAE4697}.Release|ARM.ActiveCfg = Release|Any CPU
		{122C667F-593D-476C-8189-E6E51CAE4697}.Release|ARM.Build.0 = Release|Any CPU
		{122C667F-593D-476C-8189-E6E51CAE4697}.Release|ARM64.ActiveCfg = Release|Any CPU
		{122C667F-593D-476C-8189-E6E51CAE4697}.Release|ARM64.Build.0 = Release|Any CPU
		{122C667F-593D-476C-8189-E6E51CAE4697}.Release|x64.ActiveCfg = Release|Any CPU
		{122C667F-593D-476C-8189-E6E51CAE4697}.Release|x64.Build.0 = Release|Any CPU
		{122C667F-593D-476C-8189-E6E51CAE4697}.Release|x86.ActiveCfg = Release|Any CPU
		{122C667F-593D-476C-8189-E6E51CAE4697}.Release|x86.Build.0 = Release|Any CPU
		{57172455-598C-4331-BB4C-5321B510553E}.Debug|Any CPU.ActiveCfg = Debug|Any CPU
		{57172455-598C-4331-BB4C-5321B510553E}.Debug|Any CPU.Build.0 = Debug|Any CPU
		{57172455-598C-4331-BB4C-5321B510553E}.Debug|ARM.ActiveCfg = Debug|Any CPU
		{57172455-598C-4331-BB4C-5321B510553E}.Debug|ARM.Build.0 = Debug|Any CPU
		{57172455-598C-4331-BB4C-5321B510553E}.Debug|ARM64.ActiveCfg = Debug|Any CPU
		{57172455-598C-4331-BB4C-5321B510553E}.Debug|ARM64.Build.0 = Debug|Any CPU
		{57172455-598C-4331-BB4C-5321B510553E}.Debug|x64.ActiveCfg = Debug|Any CPU
		{57172455-598C-4331-BB4C-5321B510553E}.Debug|x64.Build.0 = Debug|Any CPU
		{57172455-598C-4331-BB4C-5321B510553E}.Debug|x86.ActiveCfg = Debug|Any CPU
		{57172455-598C-4331-BB4C-5321B510553E}.Debug|x86.Build.0 = Debug|Any CPU
		{57172455-598C-4331-BB4C-5321B510553E}.Release|Any CPU.ActiveCfg = Release|Any CPU
		{57172455-598C-4331-BB4C-5321B510553E}.Release|Any CPU.Build.0 = Release|Any CPU
		{57172455-598C-4331-BB4C-5321B510553E}.Release|ARM.ActiveCfg = Release|Any CPU
		{57172455-598C-4331-BB4C-5321B510553E}.Release|ARM.Build.0 = Release|Any CPU
		{57172455-598C-4331-BB4C-5321B510553E}.Release|ARM64.ActiveCfg = Release|Any CPU
		{57172455-598C-4331-BB4C-5321B510553E}.Release|ARM64.Build.0 = Release|Any CPU
		{57172455-598C-4331-BB4C-5321B510553E}.Release|x64.ActiveCfg = Release|Any CPU
		{57172455-598C-4331-BB4C-5321B510553E}.Release|x64.Build.0 = Release|Any CPU
		{57172455-598C-4331-BB4C-5321B510553E}.Release|x86.ActiveCfg = Release|Any CPU
		{57172455-598C-4331-BB4C-5321B510553E}.Release|x86.Build.0 = Release|Any CPU
		{8CDDFA12-DB5D-43D8-AACA-7E5F59980BFE}.Debug|Any CPU.ActiveCfg = Debug|x64
		{8CDDFA12-DB5D-43D8-AACA-7E5F59980BFE}.Debug|ARM.ActiveCfg = Debug|ARM
		{8CDDFA12-DB5D-43D8-AACA-7E5F59980BFE}.Debug|ARM.Build.0 = Debug|ARM
		{8CDDFA12-DB5D-43D8-AACA-7E5F59980BFE}.Debug|ARM64.ActiveCfg = Debug|ARM64
		{8CDDFA12-DB5D-43D8-AACA-7E5F59980BFE}.Debug|ARM64.Build.0 = Debug|ARM64
		{8CDDFA12-DB5D-43D8-AACA-7E5F59980BFE}.Debug|x64.ActiveCfg = Debug|x64
		{8CDDFA12-DB5D-43D8-AACA-7E5F59980BFE}.Debug|x86.ActiveCfg = Debug|x86
		{8CDDFA12-DB5D-43D8-AACA-7E5F59980BFE}.Debug|x86.Build.0 = Debug|x86
		{8CDDFA12-DB5D-43D8-AACA-7E5F59980BFE}.Release|Any CPU.ActiveCfg = Release|Any CPU
		{8CDDFA12-DB5D-43D8-AACA-7E5F59980BFE}.Release|Any CPU.Build.0 = Release|Any CPU
		{8CDDFA12-DB5D-43D8-AACA-7E5F59980BFE}.Release|ARM.ActiveCfg = Release|ARM
		{8CDDFA12-DB5D-43D8-AACA-7E5F59980BFE}.Release|ARM.Build.0 = Release|ARM
		{8CDDFA12-DB5D-43D8-AACA-7E5F59980BFE}.Release|ARM64.ActiveCfg = Release|ARM64
		{8CDDFA12-DB5D-43D8-AACA-7E5F59980BFE}.Release|ARM64.Build.0 = Release|ARM64
		{8CDDFA12-DB5D-43D8-AACA-7E5F59980BFE}.Release|x64.ActiveCfg = Release|x64
		{8CDDFA12-DB5D-43D8-AACA-7E5F59980BFE}.Release|x64.Build.0 = Release|x64
		{8CDDFA12-DB5D-43D8-AACA-7E5F59980BFE}.Release|x86.ActiveCfg = Release|x86
		{8CDDFA12-DB5D-43D8-AACA-7E5F59980BFE}.Release|x86.Build.0 = Release|x86
		{FCEA2546-C42B-4ECC-860F-703D94E95725}.Debug|Any CPU.ActiveCfg = Debug|x64
		{FCEA2546-C42B-4ECC-860F-703D94E95725}.Debug|ARM.ActiveCfg = Debug|ARM
		{FCEA2546-C42B-4ECC-860F-703D94E95725}.Debug|ARM.Build.0 = Debug|ARM
		{FCEA2546-C42B-4ECC-860F-703D94E95725}.Debug|ARM64.ActiveCfg = Debug|ARM64
		{FCEA2546-C42B-4ECC-860F-703D94E95725}.Debug|ARM64.Build.0 = Debug|ARM64
		{FCEA2546-C42B-4ECC-860F-703D94E95725}.Debug|x64.ActiveCfg = Debug|x64
		{FCEA2546-C42B-4ECC-860F-703D94E95725}.Debug|x86.ActiveCfg = Debug|x86
		{FCEA2546-C42B-4ECC-860F-703D94E95725}.Debug|x86.Build.0 = Debug|x86
		{FCEA2546-C42B-4ECC-860F-703D94E95725}.Release|Any CPU.ActiveCfg = Release|Any CPU
		{FCEA2546-C42B-4ECC-860F-703D94E95725}.Release|Any CPU.Build.0 = Release|Any CPU
		{FCEA2546-C42B-4ECC-860F-703D94E95725}.Release|ARM.ActiveCfg = Release|ARM
		{FCEA2546-C42B-4ECC-860F-703D94E95725}.Release|ARM.Build.0 = Release|ARM
		{FCEA2546-C42B-4ECC-860F-703D94E95725}.Release|ARM64.ActiveCfg = Release|ARM64
		{FCEA2546-C42B-4ECC-860F-703D94E95725}.Release|ARM64.Build.0 = Release|ARM64
		{FCEA2546-C42B-4ECC-860F-703D94E95725}.Release|x64.ActiveCfg = Release|x64
		{FCEA2546-C42B-4ECC-860F-703D94E95725}.Release|x64.Build.0 = Release|x64
		{FCEA2546-C42B-4ECC-860F-703D94E95725}.Release|x86.ActiveCfg = Release|x86
		{FCEA2546-C42B-4ECC-860F-703D94E95725}.Release|x86.Build.0 = Release|x86
		{498FC812-5F93-478C-8C89-BE1FBFF266F7}.Debug|Any CPU.ActiveCfg = Debug|x64
		{498FC812-5F93-478C-8C89-BE1FBFF266F7}.Debug|ARM.ActiveCfg = Debug|ARM
		{498FC812-5F93-478C-8C89-BE1FBFF266F7}.Debug|ARM.Build.0 = Debug|ARM
		{498FC812-5F93-478C-8C89-BE1FBFF266F7}.Debug|ARM64.ActiveCfg = Debug|ARM64
		{498FC812-5F93-478C-8C89-BE1FBFF266F7}.Debug|ARM64.Build.0 = Debug|ARM64
		{498FC812-5F93-478C-8C89-BE1FBFF266F7}.Debug|x64.ActiveCfg = Debug|x64
		{498FC812-5F93-478C-8C89-BE1FBFF266F7}.Debug|x86.ActiveCfg = Debug|x86
		{498FC812-5F93-478C-8C89-BE1FBFF266F7}.Debug|x86.Build.0 = Debug|x86
		{498FC812-5F93-478C-8C89-BE1FBFF266F7}.Release|Any CPU.ActiveCfg = Release|Any CPU
		{498FC812-5F93-478C-8C89-BE1FBFF266F7}.Release|Any CPU.Build.0 = Release|Any CPU
		{498FC812-5F93-478C-8C89-BE1FBFF266F7}.Release|ARM.ActiveCfg = Release|ARM
		{498FC812-5F93-478C-8C89-BE1FBFF266F7}.Release|ARM.Build.0 = Release|ARM
		{498FC812-5F93-478C-8C89-BE1FBFF266F7}.Release|ARM64.ActiveCfg = Release|ARM64
		{498FC812-5F93-478C-8C89-BE1FBFF266F7}.Release|ARM64.Build.0 = Release|ARM64
		{498FC812-5F93-478C-8C89-BE1FBFF266F7}.Release|x64.ActiveCfg = Release|x64
		{498FC812-5F93-478C-8C89-BE1FBFF266F7}.Release|x64.Build.0 = Release|x64
		{498FC812-5F93-478C-8C89-BE1FBFF266F7}.Release|x86.ActiveCfg = Release|x86
		{498FC812-5F93-478C-8C89-BE1FBFF266F7}.Release|x86.Build.0 = Release|x86
		{DDD9A62C-3DDD-49D4-88F0-959FEAE7CF48}.Debug|Any CPU.ActiveCfg = Debug|x64
		{DDD9A62C-3DDD-49D4-88F0-959FEAE7CF48}.Debug|ARM.ActiveCfg = Debug|ARM
		{DDD9A62C-3DDD-49D4-88F0-959FEAE7CF48}.Debug|ARM.Build.0 = Debug|ARM
		{DDD9A62C-3DDD-49D4-88F0-959FEAE7CF48}.Debug|ARM64.ActiveCfg = Debug|ARM64
		{DDD9A62C-3DDD-49D4-88F0-959FEAE7CF48}.Debug|ARM64.Build.0 = Debug|ARM64
		{DDD9A62C-3DDD-49D4-88F0-959FEAE7CF48}.Debug|x64.ActiveCfg = Debug|x64
		{DDD9A62C-3DDD-49D4-88F0-959FEAE7CF48}.Debug|x86.ActiveCfg = Debug|x86
		{DDD9A62C-3DDD-49D4-88F0-959FEAE7CF48}.Debug|x86.Build.0 = Debug|x86
		{DDD9A62C-3DDD-49D4-88F0-959FEAE7CF48}.Release|Any CPU.ActiveCfg = Release|Any CPU
		{DDD9A62C-3DDD-49D4-88F0-959FEAE7CF48}.Release|Any CPU.Build.0 = Release|Any CPU
		{DDD9A62C-3DDD-49D4-88F0-959FEAE7CF48}.Release|ARM.ActiveCfg = Release|ARM
		{DDD9A62C-3DDD-49D4-88F0-959FEAE7CF48}.Release|ARM.Build.0 = Release|ARM
		{DDD9A62C-3DDD-49D4-88F0-959FEAE7CF48}.Release|ARM64.ActiveCfg = Release|ARM64
		{DDD9A62C-3DDD-49D4-88F0-959FEAE7CF48}.Release|ARM64.Build.0 = Release|ARM64
		{DDD9A62C-3DDD-49D4-88F0-959FEAE7CF48}.Release|x64.ActiveCfg = Release|x64
		{DDD9A62C-3DDD-49D4-88F0-959FEAE7CF48}.Release|x64.Build.0 = Release|x64
		{DDD9A62C-3DDD-49D4-88F0-959FEAE7CF48}.Release|x86.ActiveCfg = Release|x86
		{DDD9A62C-3DDD-49D4-88F0-959FEAE7CF48}.Release|x86.Build.0 = Release|x86
		{15708EEA-687B-436E-9073-486610EC7735}.Debug|Any CPU.ActiveCfg = Debug|Any CPU
		{15708EEA-687B-436E-9073-486610EC7735}.Debug|ARM.ActiveCfg = Debug|ARM
		{15708EEA-687B-436E-9073-486610EC7735}.Debug|ARM.Build.0 = Debug|ARM
		{15708EEA-687B-436E-9073-486610EC7735}.Debug|ARM64.ActiveCfg = Debug|ARM64
		{15708EEA-687B-436E-9073-486610EC7735}.Debug|ARM64.Build.0 = Debug|ARM64
		{15708EEA-687B-436E-9073-486610EC7735}.Debug|x64.ActiveCfg = Debug|x64
		{15708EEA-687B-436E-9073-486610EC7735}.Debug|x86.ActiveCfg = Debug|x86
		{15708EEA-687B-436E-9073-486610EC7735}.Debug|x86.Build.0 = Debug|x86
		{15708EEA-687B-436E-9073-486610EC7735}.Release|Any CPU.ActiveCfg = Release|Any CPU
		{15708EEA-687B-436E-9073-486610EC7735}.Release|Any CPU.Build.0 = Release|Any CPU
		{15708EEA-687B-436E-9073-486610EC7735}.Release|ARM.ActiveCfg = Release|ARM
		{15708EEA-687B-436E-9073-486610EC7735}.Release|ARM.Build.0 = Release|ARM
		{15708EEA-687B-436E-9073-486610EC7735}.Release|ARM64.ActiveCfg = Release|ARM64
		{15708EEA-687B-436E-9073-486610EC7735}.Release|ARM64.Build.0 = Release|ARM64
		{15708EEA-687B-436E-9073-486610EC7735}.Release|x64.ActiveCfg = Release|x64
		{15708EEA-687B-436E-9073-486610EC7735}.Release|x64.Build.0 = Release|x64
		{15708EEA-687B-436E-9073-486610EC7735}.Release|x86.ActiveCfg = Release|x86
		{15708EEA-687B-436E-9073-486610EC7735}.Release|x86.Build.0 = Release|x86
		{496B2AA6-8348-4F2C-B3F7-79EF2DA9969C}.Debug|Any CPU.ActiveCfg = Debug|Any CPU
		{496B2AA6-8348-4F2C-B3F7-79EF2DA9969C}.Debug|ARM.ActiveCfg = Debug|ARM
		{496B2AA6-8348-4F2C-B3F7-79EF2DA9969C}.Debug|ARM.Build.0 = Debug|ARM
		{496B2AA6-8348-4F2C-B3F7-79EF2DA9969C}.Debug|ARM64.ActiveCfg = Debug|ARM64
		{496B2AA6-8348-4F2C-B3F7-79EF2DA9969C}.Debug|ARM64.Build.0 = Debug|ARM64
		{496B2AA6-8348-4F2C-B3F7-79EF2DA9969C}.Debug|x64.ActiveCfg = Debug|x64
		{496B2AA6-8348-4F2C-B3F7-79EF2DA9969C}.Debug|x86.ActiveCfg = Debug|x86
		{496B2AA6-8348-4F2C-B3F7-79EF2DA9969C}.Debug|x86.Build.0 = Debug|x86
		{496B2AA6-8348-4F2C-B3F7-79EF2DA9969C}.Release|Any CPU.ActiveCfg = Release|Any CPU
		{496B2AA6-8348-4F2C-B3F7-79EF2DA9969C}.Release|Any CPU.Build.0 = Release|Any CPU
		{496B2AA6-8348-4F2C-B3F7-79EF2DA9969C}.Release|ARM.ActiveCfg = Release|ARM
		{496B2AA6-8348-4F2C-B3F7-79EF2DA9969C}.Release|ARM.Build.0 = Release|ARM
		{496B2AA6-8348-4F2C-B3F7-79EF2DA9969C}.Release|ARM64.ActiveCfg = Release|ARM64
		{496B2AA6-8348-4F2C-B3F7-79EF2DA9969C}.Release|ARM64.Build.0 = Release|ARM64
		{496B2AA6-8348-4F2C-B3F7-79EF2DA9969C}.Release|x64.ActiveCfg = Release|x64
		{496B2AA6-8348-4F2C-B3F7-79EF2DA9969C}.Release|x64.Build.0 = Release|x64
		{496B2AA6-8348-4F2C-B3F7-79EF2DA9969C}.Release|x86.ActiveCfg = Release|x86
		{496B2AA6-8348-4F2C-B3F7-79EF2DA9969C}.Release|x86.Build.0 = Release|x86
		{4CBB7FD1-4A81-4CDD-A067-09550C0982EC}.Debug|Any CPU.ActiveCfg = Debug|x64
		{4CBB7FD1-4A81-4CDD-A067-09550C0982EC}.Debug|Any CPU.Build.0 = Debug|x64
		{4CBB7FD1-4A81-4CDD-A067-09550C0982EC}.Debug|ARM.ActiveCfg = Debug|ARM
		{4CBB7FD1-4A81-4CDD-A067-09550C0982EC}.Debug|ARM.Build.0 = Debug|ARM
		{4CBB7FD1-4A81-4CDD-A067-09550C0982EC}.Debug|ARM64.ActiveCfg = Debug|ARM64
		{4CBB7FD1-4A81-4CDD-A067-09550C0982EC}.Debug|ARM64.Build.0 = Debug|ARM64
		{4CBB7FD1-4A81-4CDD-A067-09550C0982EC}.Debug|x64.ActiveCfg = Debug|x64
		{4CBB7FD1-4A81-4CDD-A067-09550C0982EC}.Debug|x86.ActiveCfg = Debug|x86
		{4CBB7FD1-4A81-4CDD-A067-09550C0982EC}.Debug|x86.Build.0 = Debug|x86
		{4CBB7FD1-4A81-4CDD-A067-09550C0982EC}.Release|Any CPU.ActiveCfg = Release|Any CPU
		{4CBB7FD1-4A81-4CDD-A067-09550C0982EC}.Release|Any CPU.Build.0 = Release|Any CPU
		{4CBB7FD1-4A81-4CDD-A067-09550C0982EC}.Release|ARM.ActiveCfg = Release|ARM
		{4CBB7FD1-4A81-4CDD-A067-09550C0982EC}.Release|ARM.Build.0 = Release|ARM
		{4CBB7FD1-4A81-4CDD-A067-09550C0982EC}.Release|ARM64.ActiveCfg = Release|ARM64
		{4CBB7FD1-4A81-4CDD-A067-09550C0982EC}.Release|ARM64.Build.0 = Release|ARM64
		{4CBB7FD1-4A81-4CDD-A067-09550C0982EC}.Release|x64.ActiveCfg = Release|x64
		{4CBB7FD1-4A81-4CDD-A067-09550C0982EC}.Release|x64.Build.0 = Release|x64
		{4CBB7FD1-4A81-4CDD-A067-09550C0982EC}.Release|x86.ActiveCfg = Release|x86
		{4CBB7FD1-4A81-4CDD-A067-09550C0982EC}.Release|x86.Build.0 = Release|x86
		{9C63F0E5-ABE4-46FB-9415-02052318F53A}.Debug|Any CPU.ActiveCfg = Debug|Any CPU
		{9C63F0E5-ABE4-46FB-9415-02052318F53A}.Debug|Any CPU.Build.0 = Debug|Any CPU
		{9C63F0E5-ABE4-46FB-9415-02052318F53A}.Debug|ARM.ActiveCfg = Debug|Any CPU
		{9C63F0E5-ABE4-46FB-9415-02052318F53A}.Debug|ARM.Build.0 = Debug|Any CPU
		{9C63F0E5-ABE4-46FB-9415-02052318F53A}.Debug|ARM64.ActiveCfg = Debug|Any CPU
		{9C63F0E5-ABE4-46FB-9415-02052318F53A}.Debug|ARM64.Build.0 = Debug|Any CPU
		{9C63F0E5-ABE4-46FB-9415-02052318F53A}.Debug|x64.ActiveCfg = Debug|Any CPU
		{9C63F0E5-ABE4-46FB-9415-02052318F53A}.Debug|x64.Build.0 = Debug|Any CPU
		{9C63F0E5-ABE4-46FB-9415-02052318F53A}.Debug|x86.ActiveCfg = Debug|Any CPU
		{9C63F0E5-ABE4-46FB-9415-02052318F53A}.Debug|x86.Build.0 = Debug|Any CPU
		{9C63F0E5-ABE4-46FB-9415-02052318F53A}.Release|Any CPU.ActiveCfg = Release|Any CPU
		{9C63F0E5-ABE4-46FB-9415-02052318F53A}.Release|Any CPU.Build.0 = Release|Any CPU
		{9C63F0E5-ABE4-46FB-9415-02052318F53A}.Release|ARM.ActiveCfg = Release|Any CPU
		{9C63F0E5-ABE4-46FB-9415-02052318F53A}.Release|ARM.Build.0 = Release|Any CPU
		{9C63F0E5-ABE4-46FB-9415-02052318F53A}.Release|ARM64.ActiveCfg = Release|Any CPU
		{9C63F0E5-ABE4-46FB-9415-02052318F53A}.Release|ARM64.Build.0 = Release|Any CPU
		{9C63F0E5-ABE4-46FB-9415-02052318F53A}.Release|x64.ActiveCfg = Release|Any CPU
		{9C63F0E5-ABE4-46FB-9415-02052318F53A}.Release|x64.Build.0 = Release|Any CPU
		{9C63F0E5-ABE4-46FB-9415-02052318F53A}.Release|x86.ActiveCfg = Release|Any CPU
		{9C63F0E5-ABE4-46FB-9415-02052318F53A}.Release|x86.Build.0 = Release|Any CPU
		{DA874F41-DE3E-43A7-958E-5329279047D6}.Debug|Any CPU.ActiveCfg = Debug|Any CPU
		{DA874F41-DE3E-43A7-958E-5329279047D6}.Debug|Any CPU.Build.0 = Debug|Any CPU
		{DA874F41-DE3E-43A7-958E-5329279047D6}.Debug|ARM.ActiveCfg = Debug|ARM
		{DA874F41-DE3E-43A7-958E-5329279047D6}.Debug|ARM.Build.0 = Debug|ARM
		{DA874F41-DE3E-43A7-958E-5329279047D6}.Debug|ARM64.ActiveCfg = Debug|ARM64
		{DA874F41-DE3E-43A7-958E-5329279047D6}.Debug|ARM64.Build.0 = Debug|ARM64
		{DA874F41-DE3E-43A7-958E-5329279047D6}.Debug|x64.ActiveCfg = Debug|x64
		{DA874F41-DE3E-43A7-958E-5329279047D6}.Debug|x86.ActiveCfg = Debug|x86
		{DA874F41-DE3E-43A7-958E-5329279047D6}.Debug|x86.Build.0 = Debug|x86
		{DA874F41-DE3E-43A7-958E-5329279047D6}.Release|Any CPU.ActiveCfg = Release|Any CPU
		{DA874F41-DE3E-43A7-958E-5329279047D6}.Release|Any CPU.Build.0 = Release|Any CPU
		{DA874F41-DE3E-43A7-958E-5329279047D6}.Release|ARM.ActiveCfg = Release|ARM
		{DA874F41-DE3E-43A7-958E-5329279047D6}.Release|ARM.Build.0 = Release|ARM
		{DA874F41-DE3E-43A7-958E-5329279047D6}.Release|ARM64.ActiveCfg = Release|ARM64
		{DA874F41-DE3E-43A7-958E-5329279047D6}.Release|ARM64.Build.0 = Release|ARM64
		{DA874F41-DE3E-43A7-958E-5329279047D6}.Release|x64.ActiveCfg = Release|x64
		{DA874F41-DE3E-43A7-958E-5329279047D6}.Release|x64.Build.0 = Release|x64
		{DA874F41-DE3E-43A7-958E-5329279047D6}.Release|x86.ActiveCfg = Release|x86
		{DA874F41-DE3E-43A7-958E-5329279047D6}.Release|x86.Build.0 = Release|x86
		{674BC54C-B8F8-4D6B-9475-AA1801AD6511}.Debug|Any CPU.ActiveCfg = Debug|Any CPU
		{674BC54C-B8F8-4D6B-9475-AA1801AD6511}.Debug|Any CPU.Build.0 = Debug|Any CPU
		{674BC54C-B8F8-4D6B-9475-AA1801AD6511}.Debug|ARM.ActiveCfg = Debug|ARM
		{674BC54C-B8F8-4D6B-9475-AA1801AD6511}.Debug|ARM.Build.0 = Debug|ARM
		{674BC54C-B8F8-4D6B-9475-AA1801AD6511}.Debug|ARM64.ActiveCfg = Debug|ARM64
		{674BC54C-B8F8-4D6B-9475-AA1801AD6511}.Debug|ARM64.Build.0 = Debug|ARM64
		{674BC54C-B8F8-4D6B-9475-AA1801AD6511}.Debug|x64.ActiveCfg = Debug|x64
		{674BC54C-B8F8-4D6B-9475-AA1801AD6511}.Debug|x86.ActiveCfg = Debug|x86
		{674BC54C-B8F8-4D6B-9475-AA1801AD6511}.Debug|x86.Build.0 = Debug|x86
		{674BC54C-B8F8-4D6B-9475-AA1801AD6511}.Release|Any CPU.ActiveCfg = Release|Any CPU
		{674BC54C-B8F8-4D6B-9475-AA1801AD6511}.Release|Any CPU.Build.0 = Release|Any CPU
		{674BC54C-B8F8-4D6B-9475-AA1801AD6511}.Release|ARM.ActiveCfg = Release|ARM
		{674BC54C-B8F8-4D6B-9475-AA1801AD6511}.Release|ARM.Build.0 = Release|ARM
		{674BC54C-B8F8-4D6B-9475-AA1801AD6511}.Release|ARM64.ActiveCfg = Release|ARM64
		{674BC54C-B8F8-4D6B-9475-AA1801AD6511}.Release|ARM64.Build.0 = Release|ARM64
		{674BC54C-B8F8-4D6B-9475-AA1801AD6511}.Release|x64.ActiveCfg = Release|x64
		{674BC54C-B8F8-4D6B-9475-AA1801AD6511}.Release|x64.Build.0 = Release|x64
		{674BC54C-B8F8-4D6B-9475-AA1801AD6511}.Release|x86.ActiveCfg = Release|x86
		{674BC54C-B8F8-4D6B-9475-AA1801AD6511}.Release|x86.Build.0 = Release|x86
		{F73DB26B-F0E2-43BF-ADA9-03189679BD98}.Debug|Any CPU.ActiveCfg = Debug|x64
		{F73DB26B-F0E2-43BF-ADA9-03189679BD98}.Debug|Any CPU.Build.0 = Debug|x64
		{F73DB26B-F0E2-43BF-ADA9-03189679BD98}.Debug|ARM.ActiveCfg = Debug|ARM
		{F73DB26B-F0E2-43BF-ADA9-03189679BD98}.Debug|ARM.Build.0 = Debug|ARM
		{F73DB26B-F0E2-43BF-ADA9-03189679BD98}.Debug|ARM64.ActiveCfg = Debug|ARM64
		{F73DB26B-F0E2-43BF-ADA9-03189679BD98}.Debug|ARM64.Build.0 = Debug|ARM64
		{F73DB26B-F0E2-43BF-ADA9-03189679BD98}.Debug|x64.ActiveCfg = Debug|x64
		{F73DB26B-F0E2-43BF-ADA9-03189679BD98}.Debug|x86.ActiveCfg = Debug|x86
		{F73DB26B-F0E2-43BF-ADA9-03189679BD98}.Debug|x86.Build.0 = Debug|x86
		{F73DB26B-F0E2-43BF-ADA9-03189679BD98}.Release|Any CPU.ActiveCfg = Release|Any CPU
		{F73DB26B-F0E2-43BF-ADA9-03189679BD98}.Release|Any CPU.Build.0 = Release|Any CPU
		{F73DB26B-F0E2-43BF-ADA9-03189679BD98}.Release|ARM.ActiveCfg = Release|ARM
		{F73DB26B-F0E2-43BF-ADA9-03189679BD98}.Release|ARM.Build.0 = Release|ARM
		{F73DB26B-F0E2-43BF-ADA9-03189679BD98}.Release|ARM64.ActiveCfg = Release|ARM64
		{F73DB26B-F0E2-43BF-ADA9-03189679BD98}.Release|ARM64.Build.0 = Release|ARM64
		{F73DB26B-F0E2-43BF-ADA9-03189679BD98}.Release|x64.ActiveCfg = Release|x64
		{F73DB26B-F0E2-43BF-ADA9-03189679BD98}.Release|x64.Build.0 = Release|x64
		{F73DB26B-F0E2-43BF-ADA9-03189679BD98}.Release|x86.ActiveCfg = Release|x86
		{F73DB26B-F0E2-43BF-ADA9-03189679BD98}.Release|x86.Build.0 = Release|x86
		{1DA7F3E5-21CF-40D9-8955-C345B71B154A}.Debug|Any CPU.ActiveCfg = Debug|x64
		{1DA7F3E5-21CF-40D9-8955-C345B71B154A}.Debug|Any CPU.Build.0 = Debug|x64
		{1DA7F3E5-21CF-40D9-8955-C345B71B154A}.Debug|ARM.ActiveCfg = Debug|ARM
		{1DA7F3E5-21CF-40D9-8955-C345B71B154A}.Debug|ARM.Build.0 = Debug|ARM
		{1DA7F3E5-21CF-40D9-8955-C345B71B154A}.Debug|ARM64.ActiveCfg = Debug|ARM64
		{1DA7F3E5-21CF-40D9-8955-C345B71B154A}.Debug|ARM64.Build.0 = Debug|ARM64
		{1DA7F3E5-21CF-40D9-8955-C345B71B154A}.Debug|x64.ActiveCfg = Debug|x64
		{1DA7F3E5-21CF-40D9-8955-C345B71B154A}.Debug|x86.ActiveCfg = Debug|x86
		{1DA7F3E5-21CF-40D9-8955-C345B71B154A}.Debug|x86.Build.0 = Debug|x86
		{1DA7F3E5-21CF-40D9-8955-C345B71B154A}.Release|Any CPU.ActiveCfg = Release|Any CPU
		{1DA7F3E5-21CF-40D9-8955-C345B71B154A}.Release|Any CPU.Build.0 = Release|Any CPU
		{1DA7F3E5-21CF-40D9-8955-C345B71B154A}.Release|ARM.ActiveCfg = Release|ARM
		{1DA7F3E5-21CF-40D9-8955-C345B71B154A}.Release|ARM.Build.0 = Release|ARM
		{1DA7F3E5-21CF-40D9-8955-C345B71B154A}.Release|ARM64.ActiveCfg = Release|ARM64
		{1DA7F3E5-21CF-40D9-8955-C345B71B154A}.Release|ARM64.Build.0 = Release|ARM64
		{1DA7F3E5-21CF-40D9-8955-C345B71B154A}.Release|x64.ActiveCfg = Release|x64
		{1DA7F3E5-21CF-40D9-8955-C345B71B154A}.Release|x64.Build.0 = Release|x64
		{1DA7F3E5-21CF-40D9-8955-C345B71B154A}.Release|x86.ActiveCfg = Release|x86
		{1DA7F3E5-21CF-40D9-8955-C345B71B154A}.Release|x86.Build.0 = Release|x86
		{ECF31420-7365-4069-A456-1EB32A4F77FA}.Debug|Any CPU.ActiveCfg = Debug|Any CPU
		{ECF31420-7365-4069-A456-1EB32A4F77FA}.Debug|Any CPU.Build.0 = Debug|Any CPU
		{ECF31420-7365-4069-A456-1EB32A4F77FA}.Debug|ARM.ActiveCfg = Debug|ARM
		{ECF31420-7365-4069-A456-1EB32A4F77FA}.Debug|ARM.Build.0 = Debug|ARM
		{ECF31420-7365-4069-A456-1EB32A4F77FA}.Debug|ARM64.ActiveCfg = Debug|ARM64
		{ECF31420-7365-4069-A456-1EB32A4F77FA}.Debug|ARM64.Build.0 = Debug|ARM64
		{ECF31420-7365-4069-A456-1EB32A4F77FA}.Debug|x64.ActiveCfg = Debug|x64
		{ECF31420-7365-4069-A456-1EB32A4F77FA}.Debug|x64.Build.0 = Debug|x64
		{ECF31420-7365-4069-A456-1EB32A4F77FA}.Debug|x86.ActiveCfg = Debug|x86
		{ECF31420-7365-4069-A456-1EB32A4F77FA}.Debug|x86.Build.0 = Debug|x86
		{ECF31420-7365-4069-A456-1EB32A4F77FA}.Release|Any CPU.ActiveCfg = Release|Any CPU
		{ECF31420-7365-4069-A456-1EB32A4F77FA}.Release|Any CPU.Build.0 = Release|Any CPU
		{ECF31420-7365-4069-A456-1EB32A4F77FA}.Release|ARM.ActiveCfg = Release|ARM
		{ECF31420-7365-4069-A456-1EB32A4F77FA}.Release|ARM.Build.0 = Release|ARM
		{ECF31420-7365-4069-A456-1EB32A4F77FA}.Release|ARM64.ActiveCfg = Release|ARM64
		{ECF31420-7365-4069-A456-1EB32A4F77FA}.Release|ARM64.Build.0 = Release|ARM64
		{ECF31420-7365-4069-A456-1EB32A4F77FA}.Release|x64.ActiveCfg = Release|x64
		{ECF31420-7365-4069-A456-1EB32A4F77FA}.Release|x64.Build.0 = Release|x64
		{ECF31420-7365-4069-A456-1EB32A4F77FA}.Release|x86.ActiveCfg = Release|x86
		{ECF31420-7365-4069-A456-1EB32A4F77FA}.Release|x86.Build.0 = Release|x86
		{5B0CB069-006D-4E68-8FD1-FB010E94C339}.Debug|Any CPU.ActiveCfg = Debug|Any CPU
		{5B0CB069-006D-4E68-8FD1-FB010E94C339}.Debug|Any CPU.Build.0 = Debug|Any CPU
		{5B0CB069-006D-4E68-8FD1-FB010E94C339}.Debug|ARM.ActiveCfg = Debug|ARM
		{5B0CB069-006D-4E68-8FD1-FB010E94C339}.Debug|ARM.Build.0 = Debug|ARM
		{5B0CB069-006D-4E68-8FD1-FB010E94C339}.Debug|ARM64.ActiveCfg = Debug|ARM64
		{5B0CB069-006D-4E68-8FD1-FB010E94C339}.Debug|ARM64.Build.0 = Debug|ARM64
		{5B0CB069-006D-4E68-8FD1-FB010E94C339}.Debug|x64.ActiveCfg = Debug|x64
		{5B0CB069-006D-4E68-8FD1-FB010E94C339}.Debug|x86.ActiveCfg = Debug|x86
		{5B0CB069-006D-4E68-8FD1-FB010E94C339}.Debug|x86.Build.0 = Debug|x86
		{5B0CB069-006D-4E68-8FD1-FB010E94C339}.Release|Any CPU.ActiveCfg = Release|Any CPU
		{5B0CB069-006D-4E68-8FD1-FB010E94C339}.Release|Any CPU.Build.0 = Release|Any CPU
		{5B0CB069-006D-4E68-8FD1-FB010E94C339}.Release|ARM.ActiveCfg = Release|ARM
		{5B0CB069-006D-4E68-8FD1-FB010E94C339}.Release|ARM.Build.0 = Release|ARM
		{5B0CB069-006D-4E68-8FD1-FB010E94C339}.Release|ARM64.ActiveCfg = Release|ARM64
		{5B0CB069-006D-4E68-8FD1-FB010E94C339}.Release|ARM64.Build.0 = Release|ARM64
		{5B0CB069-006D-4E68-8FD1-FB010E94C339}.Release|x64.ActiveCfg = Release|x64
		{5B0CB069-006D-4E68-8FD1-FB010E94C339}.Release|x64.Build.0 = Release|x64
		{5B0CB069-006D-4E68-8FD1-FB010E94C339}.Release|x86.ActiveCfg = Release|x86
		{5B0CB069-006D-4E68-8FD1-FB010E94C339}.Release|x86.Build.0 = Release|x86
		{7548F785-FF54-424F-A605-40865B251EB4}.Debug|Any CPU.ActiveCfg = Debug|Any CPU
		{7548F785-FF54-424F-A605-40865B251EB4}.Debug|Any CPU.Build.0 = Debug|Any CPU
		{7548F785-FF54-424F-A605-40865B251EB4}.Debug|ARM.ActiveCfg = Debug|ARM
		{7548F785-FF54-424F-A605-40865B251EB4}.Debug|ARM.Build.0 = Debug|ARM
		{7548F785-FF54-424F-A605-40865B251EB4}.Debug|ARM64.ActiveCfg = Debug|ARM64
		{7548F785-FF54-424F-A605-40865B251EB4}.Debug|ARM64.Build.0 = Debug|ARM64
		{7548F785-FF54-424F-A605-40865B251EB4}.Debug|x64.ActiveCfg = Debug|x64
		{7548F785-FF54-424F-A605-40865B251EB4}.Debug|x64.Build.0 = Debug|x64
		{7548F785-FF54-424F-A605-40865B251EB4}.Debug|x86.ActiveCfg = Debug|x86
		{7548F785-FF54-424F-A605-40865B251EB4}.Debug|x86.Build.0 = Debug|x86
		{7548F785-FF54-424F-A605-40865B251EB4}.Release|Any CPU.ActiveCfg = Release|Any CPU
		{7548F785-FF54-424F-A605-40865B251EB4}.Release|Any CPU.Build.0 = Release|Any CPU
		{7548F785-FF54-424F-A605-40865B251EB4}.Release|ARM.ActiveCfg = Release|ARM
		{7548F785-FF54-424F-A605-40865B251EB4}.Release|ARM.Build.0 = Release|ARM
		{7548F785-FF54-424F-A605-40865B251EB4}.Release|ARM64.ActiveCfg = Release|ARM64
		{7548F785-FF54-424F-A605-40865B251EB4}.Release|ARM64.Build.0 = Release|ARM64
		{7548F785-FF54-424F-A605-40865B251EB4}.Release|x64.ActiveCfg = Release|x64
		{7548F785-FF54-424F-A605-40865B251EB4}.Release|x64.Build.0 = Release|x64
		{7548F785-FF54-424F-A605-40865B251EB4}.Release|x86.ActiveCfg = Release|x86
		{7548F785-FF54-424F-A605-40865B251EB4}.Release|x86.Build.0 = Release|x86
		{A7733DC9-F410-4B07-887E-54DD4C7E7A59}.Debug|Any CPU.ActiveCfg = Debug|Any CPU
		{A7733DC9-F410-4B07-887E-54DD4C7E7A59}.Debug|Any CPU.Build.0 = Debug|Any CPU
		{A7733DC9-F410-4B07-887E-54DD4C7E7A59}.Debug|ARM.ActiveCfg = Debug|ARM
		{A7733DC9-F410-4B07-887E-54DD4C7E7A59}.Debug|ARM.Build.0 = Debug|ARM
		{A7733DC9-F410-4B07-887E-54DD4C7E7A59}.Debug|ARM64.ActiveCfg = Debug|ARM64
		{A7733DC9-F410-4B07-887E-54DD4C7E7A59}.Debug|ARM64.Build.0 = Debug|ARM64
		{A7733DC9-F410-4B07-887E-54DD4C7E7A59}.Debug|x64.ActiveCfg = Debug|x64
		{A7733DC9-F410-4B07-887E-54DD4C7E7A59}.Debug|x64.Build.0 = Debug|x64
		{A7733DC9-F410-4B07-887E-54DD4C7E7A59}.Debug|x86.ActiveCfg = Debug|x86
		{A7733DC9-F410-4B07-887E-54DD4C7E7A59}.Debug|x86.Build.0 = Debug|x86
		{A7733DC9-F410-4B07-887E-54DD4C7E7A59}.Release|Any CPU.ActiveCfg = Release|Any CPU
		{A7733DC9-F410-4B07-887E-54DD4C7E7A59}.Release|Any CPU.Build.0 = Release|Any CPU
		{A7733DC9-F410-4B07-887E-54DD4C7E7A59}.Release|ARM.ActiveCfg = Release|ARM
		{A7733DC9-F410-4B07-887E-54DD4C7E7A59}.Release|ARM.Build.0 = Release|ARM
		{A7733DC9-F410-4B07-887E-54DD4C7E7A59}.Release|ARM64.ActiveCfg = Release|ARM64
		{A7733DC9-F410-4B07-887E-54DD4C7E7A59}.Release|ARM64.Build.0 = Release|ARM64
		{A7733DC9-F410-4B07-887E-54DD4C7E7A59}.Release|x64.ActiveCfg = Release|x64
		{A7733DC9-F410-4B07-887E-54DD4C7E7A59}.Release|x64.Build.0 = Release|x64
		{A7733DC9-F410-4B07-887E-54DD4C7E7A59}.Release|x86.ActiveCfg = Release|x86
		{A7733DC9-F410-4B07-887E-54DD4C7E7A59}.Release|x86.Build.0 = Release|x86
		{F9DD7454-F4AE-45CC-ACC8-C62680910808}.Debug|Any CPU.ActiveCfg = Debug|Any CPU
		{F9DD7454-F4AE-45CC-ACC8-C62680910808}.Debug|Any CPU.Build.0 = Debug|Any CPU
		{F9DD7454-F4AE-45CC-ACC8-C62680910808}.Debug|ARM.ActiveCfg = Debug|ARM
		{F9DD7454-F4AE-45CC-ACC8-C62680910808}.Debug|ARM.Build.0 = Debug|ARM
		{F9DD7454-F4AE-45CC-ACC8-C62680910808}.Debug|ARM64.ActiveCfg = Debug|ARM64
		{F9DD7454-F4AE-45CC-ACC8-C62680910808}.Debug|ARM64.Build.0 = Debug|ARM64
		{F9DD7454-F4AE-45CC-ACC8-C62680910808}.Debug|x64.ActiveCfg = Debug|x64
		{F9DD7454-F4AE-45CC-ACC8-C62680910808}.Debug|x64.Build.0 = Debug|x64
		{F9DD7454-F4AE-45CC-ACC8-C62680910808}.Debug|x86.ActiveCfg = Debug|x86
		{F9DD7454-F4AE-45CC-ACC8-C62680910808}.Debug|x86.Build.0 = Debug|x86
		{F9DD7454-F4AE-45CC-ACC8-C62680910808}.Release|Any CPU.ActiveCfg = Release|Any CPU
		{F9DD7454-F4AE-45CC-ACC8-C62680910808}.Release|Any CPU.Build.0 = Release|Any CPU
		{F9DD7454-F4AE-45CC-ACC8-C62680910808}.Release|ARM.ActiveCfg = Release|ARM
		{F9DD7454-F4AE-45CC-ACC8-C62680910808}.Release|ARM.Build.0 = Release|ARM
		{F9DD7454-F4AE-45CC-ACC8-C62680910808}.Release|ARM64.ActiveCfg = Release|ARM64
		{F9DD7454-F4AE-45CC-ACC8-C62680910808}.Release|ARM64.Build.0 = Release|ARM64
		{F9DD7454-F4AE-45CC-ACC8-C62680910808}.Release|x64.ActiveCfg = Release|x64
		{F9DD7454-F4AE-45CC-ACC8-C62680910808}.Release|x64.Build.0 = Release|x64
		{F9DD7454-F4AE-45CC-ACC8-C62680910808}.Release|x86.ActiveCfg = Release|x86
		{F9DD7454-F4AE-45CC-ACC8-C62680910808}.Release|x86.Build.0 = Release|x86
		{7D32002D-4FCE-489A-BFE2-E0F2F6574C07}.Debug|Any CPU.ActiveCfg = Debug|Any CPU
		{7D32002D-4FCE-489A-BFE2-E0F2F6574C07}.Debug|Any CPU.Build.0 = Debug|Any CPU
		{7D32002D-4FCE-489A-BFE2-E0F2F6574C07}.Debug|ARM.ActiveCfg = Debug|ARM
		{7D32002D-4FCE-489A-BFE2-E0F2F6574C07}.Debug|ARM.Build.0 = Debug|ARM
		{7D32002D-4FCE-489A-BFE2-E0F2F6574C07}.Debug|ARM64.ActiveCfg = Debug|ARM64
		{7D32002D-4FCE-489A-BFE2-E0F2F6574C07}.Debug|ARM64.Build.0 = Debug|ARM64
		{7D32002D-4FCE-489A-BFE2-E0F2F6574C07}.Debug|x64.ActiveCfg = Debug|x64
		{7D32002D-4FCE-489A-BFE2-E0F2F6574C07}.Debug|x64.Build.0 = Debug|x64
		{7D32002D-4FCE-489A-BFE2-E0F2F6574C07}.Debug|x86.ActiveCfg = Debug|x86
		{7D32002D-4FCE-489A-BFE2-E0F2F6574C07}.Debug|x86.Build.0 = Debug|x86
		{7D32002D-4FCE-489A-BFE2-E0F2F6574C07}.Release|Any CPU.ActiveCfg = Release|Any CPU
		{7D32002D-4FCE-489A-BFE2-E0F2F6574C07}.Release|Any CPU.Build.0 = Release|Any CPU
		{7D32002D-4FCE-489A-BFE2-E0F2F6574C07}.Release|ARM.ActiveCfg = Release|ARM
		{7D32002D-4FCE-489A-BFE2-E0F2F6574C07}.Release|ARM.Build.0 = Release|ARM
		{7D32002D-4FCE-489A-BFE2-E0F2F6574C07}.Release|ARM64.ActiveCfg = Release|ARM64
		{7D32002D-4FCE-489A-BFE2-E0F2F6574C07}.Release|ARM64.Build.0 = Release|ARM64
		{7D32002D-4FCE-489A-BFE2-E0F2F6574C07}.Release|x64.ActiveCfg = Release|x64
		{7D32002D-4FCE-489A-BFE2-E0F2F6574C07}.Release|x64.Build.0 = Release|x64
		{7D32002D-4FCE-489A-BFE2-E0F2F6574C07}.Release|x86.ActiveCfg = Release|x86
		{7D32002D-4FCE-489A-BFE2-E0F2F6574C07}.Release|x86.Build.0 = Release|x86
	EndGlobalSection
	GlobalSection(SolutionProperties) = preSolution
		HideSolutionNode = FALSE
	EndGlobalSection
	GlobalSection(ExtensibilityGlobals) = postSolution
		SolutionGuid = {D5CECA72-ADCE-4771-88CE-A4BDAE0E43A0}
	EndGlobalSection
EndGlobal
